{
  "name": "file upload",
  "lockfileVersion": 2,
  "requires": true,
  "packages": {
    "": {
      "dependencies": {
        "snake": "^0.0.1"
      }
    },
    "node_modules/snake": {
      "version": "0.0.1",
      "resolved": "https://registry.npmjs.org/snake/-/snake-0.0.1.tgz",
      "integrity": "sha1-7Us5bEhx4+sJtkPfyDGHBpb+2Ww=",
      "dependencies": {
        "term-canvas": ">=0.0.4"
      },
      "engines": {
        "node": ">=0.6.0"
      }
    },
    "node_modules/term-canvas": {
      "version": "0.0.5",
      "resolved": "https://registry.npmjs.org/term-canvas/-/term-canvas-0.0.5.tgz",
      "integrity": "sha1-WXr6wvpjaabxeGC86cX2bW6gypY="
    }
  },
  "dependencies": {
    "snake": {
      "version": "0.0.1",
      "resolved": "https://registry.npmjs.org/snake/-/snake-0.0.1.tgz",
      "integrity": "sha1-7Us5bEhx4+sJtkPfyDGHBpb+2Ww=",
      "requires": {
        "term-canvas": ">=0.0.4"
      }
    },
    "term-canvas": {
      "version": "0.0.5",
      "resolved": "https://registry.npmjs.org/term-canvas/-/term-canvas-0.0.5.tgz",
      "integrity": "sha1-WXr6wvpjaabxeGC86cX2bW6gypY="
    }
  }
}
